PODS:
  - VisualEffectView (3.0.2)

DEPENDENCIES:
  - VisualEffectView (~> 3.0.0)

SPEC REPOS:
  https://github.com/cocoapods/specs.git:
    - VisualEffectView

SPEC CHECKSUMS:
  VisualEffectView: 42c25f5a3c643d7c3021a3e50dac9946642225d7

PODFILE CHECKSUM: c6f3dde1ecac983a4fe4ddd0b1dd477c7bb67762

COCOAPODS: 1.5.2
