// !$*UTF8*$!
{
	archiveVersion = 1;
	classes = {
	};
	objectVersion = 46;
	objects = {

/* Begin PBXBuildFile section */
		04C585B51D376C8600CF87FC /* AppDelegate.swift in Sources */ = {isa = PBXBuildFile; fileRef = 04C585B41D376C8600CF87FC /* AppDelegate.swift */; };
		04C585B71D376C8600CF87FC /* ViewController.swift in Sources */ = {isa = PBXBuildFile; fileRef = 04C585B61D376C8600CF87FC /* ViewController.swift */; };
		04C585BA1D376C8600CF87FC /* Main.storyboard in Resources */ = {isa = PBXBuildFile; fileRef = 04C585B81D376C8600CF87FC /* Main.storyboard */; };
		04C585BC1D376C8600CF87FC /* Assets.xcassets in Resources */ = {isa = PBXBuildFile; fileRef = 04C585BB1D376C8600CF87FC /* Assets.xcassets */; };
		04C585BF1D376C8600CF87FC /* LaunchScreen.storyboard in Resources */ = {isa = PBXBuildFile; fileRef = 04C585BD1D376C8600CF87FC /* LaunchScreen.storyboard */; };
		04C585C81D376E9700CF87FC /* UIViewController+PopUp.swift in Sources */ = {isa = PBXBuildFile; fileRef = 04C585C71D376E9700CF87FC /* UIViewController+PopUp.swift */; };
		04C585CA1D376F7900CF87FC /* PopUpViewController.swift in Sources */ = {isa = PBXBuildFile; fileRef = 04C585C91D376F7900CF87FC /* PopUpViewController.swift */; };
		04C585CC1D37724200CF87FC /* IMG_2789.JPG in Resources */ = {isa = PBXBuildFile; fileRef = 04C585CB1D37724200CF87FC /* IMG_2789.JPG */; };
		A0799F7E656630D3532F7B0C /* Pods_UIViewController_PopUp_Sample.framework in Frameworks */ = {isa = PBXBuildFile; fileRef = 1C6490E53CA94B976BD52BAD /* Pods_UIViewController_PopUp_Sample.framework */; };
/* End PBXBuildFile section */

/* Begin PBXFileReference section */
		04C585B11D376C8600CF87FC /* UIViewController-PopUp-Sample.app */ = {isa = PBXFileReference; explicitFileType = wrapper.application; includeInIndex = 0; path = "UIViewController-PopUp-Sample.app"; sourceTree = BUILT_PRODUCTS_DIR; };
		04C585B41D376C8600CF87FC /* AppDelegate.swift */ = {isa = PBXFileReference; lastKnownFileType = sourcecode.swift; path = AppDelegate.swift; sourceTree = "<group>"; };
		04C585B61D376C8600CF87FC /* ViewController.swift */ = {isa = PBXFileReference; lastKnownFileType = sourcecode.swift; path = ViewController.swift; sourceTree = "<group>"; };
		04C585B91D376C8600CF87FC /* Base */ = {isa = PBXFileReference; lastKnownFileType = file.storyboard; name = Base; path = Base.lproj/Main.storyboard; sourceTree = "<group>"; };
		04C585BB1D376C8600CF87FC /* Assets.xcassets */ = {isa = PBXFileReference; lastKnownFileType = folder.assetcatalog; path = Assets.xcassets; sourceTree = "<group>"; };
		04C585BE1D376C8600CF87FC /* Base */ = {isa = PBXFileReference; lastKnownFileType = file.storyboard; name = Base; path = Base.lproj/LaunchScreen.storyboard; sourceTree = "<group>"; };
		04C585C01D376C8600CF87FC /* Info.plist */ = {isa = PBXFileReference; lastKnownFileType = text.plist.xml; path = Info.plist; sourceTree = "<group>"; };
		04C585C71D376E9700CF87FC /* UIViewController+PopUp.swift */ = {isa = PBXFileReference; fileEncoding = 4; lastKnownFileType = sourcecode.swift; path = "UIViewController+PopUp.swift"; sourceTree = "<group>"; };
		04C585C91D376F7900CF87FC /* PopUpViewController.swift */ = {isa = PBXFileReference; fileEncoding = 4; lastKnownFileType = sourcecode.swift; path = PopUpViewController.swift; sourceTree = "<group>"; };
		04C585CB1D37724200CF87FC /* IMG_2789.JPG */ = {isa = PBXFileReference; lastKnownFileType = image.jpeg; path = IMG_2789.JPG; sourceTree = "<group>"; };
		1BA6B92507CE96BED1686DA5 /* Pods-UIViewController-PopUp-Sample.release.xcconfig */ = {isa = PBXFileReference; includeInIndex = 1; lastKnownFileType = text.xcconfig; name = "Pods-UIViewController-PopUp-Sample.release.xcconfig"; path = "Pods/Target Support Files/Pods-UIViewController-PopUp-Sample/Pods-UIViewController-PopUp-Sample.release.xcconfig"; sourceTree = "<group>"; };
		1C6490E53CA94B976BD52BAD /* Pods_UIViewController_PopUp_Sample.framework */ = {isa = PBXFileReference; explicitFileType = wrapper.framework; includeInIndex = 0; path = Pods_UIViewController_PopUp_Sample.framework; sourceTree = BUILT_PRODUCTS_DIR; };
		CDEFB6C77CAA4831773439D8 /* Pods-UIViewController-PopUp-Sample.debug.xcconfig */ = {isa = PBXFileReference; includeInIndex = 1; lastKnownFileType = text.xcconfig; name = "Pods-UIViewController-PopUp-Sample.debug.xcconfig"; path = "Pods/Target Support Files/Pods-UIViewController-PopUp-Sample/Pods-UIViewController-PopUp-Sample.debug.xcconfig"; sourceTree = "<group>"; };
/* End PBXFileReference section */

/* Begin PBXFrameworksBuildPhase section */
		04C585AE1D376C8600CF87FC /* Frameworks */ = {
			isa = PBXFrameworksBuildPhase;
			buildActionMask = 2147483647;
			files = (
				A0799F7E656630D3532F7B0C /* Pods_UIViewController_PopUp_Sample.framework in Frameworks */,
			);
			runOnlyForDeploymentPostprocessing = 0;
		};
/* End PBXFrameworksBuildPhase section */

/* Begin PBXGroup section */
		04C585A81D376C8600CF87FC = {
			isa = PBXGroup;
			children = (
				1564106C7870F1E82AEDCB1D /* Frameworks */,
				C15E324F8FC9FD6DC8F96905 /* Pods */,
				04C585B21D376C8600CF87FC /* Products */,
				04C585B31D376C8600CF87FC /* UIViewController-PopUp-Sample */,
			);
			sourceTree = "<group>";
		};
		04C585B21D376C8600CF87FC /* Products */ = {
			isa = PBXGroup;
			children = (
				04C585B11D376C8600CF87FC /* UIViewController-PopUp-Sample.app */,
			);
			name = Products;
			sourceTree = "<group>";
		};
		04C585B31D376C8600CF87FC /* UIViewController-PopUp-Sample */ = {
			isa = PBXGroup;
			children = (
				04C585CD1D37748100CF87FC /* Supporting Files */,
				04C585C61D376E6000CF87FC /* UIViewController+Popup */,
				04C585C91D376F7900CF87FC /* PopUpViewController.swift */,
				04C585B61D376C8600CF87FC /* ViewController.swift */,
			);
			path = "UIViewController-PopUp-Sample";
			sourceTree = "<group>";
		};
		04C585C61D376E6000CF87FC /* UIViewController+Popup */ = {
			isa = PBXGroup;
			children = (
				04C585C71D376E9700CF87FC /* UIViewController+PopUp.swift */,
			);
			path = "UIViewController+Popup";
			sourceTree = "<group>";
		};
		04C585CD1D37748100CF87FC /* Supporting Files */ = {
			isa = PBXGroup;
			children = (
				04C585B41D376C8600CF87FC /* AppDelegate.swift */,
				04C585BB1D376C8600CF87FC /* Assets.xcassets */,
				04C585CB1D37724200CF87FC /* IMG_2789.JPG */,
				04C585C01D376C8600CF87FC /* Info.plist */,
				04C585BD1D376C8600CF87FC /* LaunchScreen.storyboard */,
				04C585B81D376C8600CF87FC /* Main.storyboard */,
			);
			path = "Supporting Files";
			sourceTree = "<group>";
		};
		1564106C7870F1E82AEDCB1D /* Frameworks */ = {
			isa = PBXGroup;
			children = (
				1C6490E53CA94B976BD52BAD /* Pods_UIViewController_PopUp_Sample.framework */,
			);
			name = Frameworks;
			sourceTree = "<group>";
		};
		C15E324F8FC9FD6DC8F96905 /* Pods */ = {
			isa = PBXGroup;
			children = (
				CDEFB6C77CAA4831773439D8 /* Pods-UIViewController-PopUp-Sample.debug.xcconfig */,
				1BA6B92507CE96BED1686DA5 /* Pods-UIViewController-PopUp-Sample.release.xcconfig */,
			);
			name = Pods;
			sourceTree = "<group>";
		};
/* End PBXGroup section */

/* Begin PBXNativeTarget section */
		04C585B01D376C8600CF87FC /* UIViewController-PopUp-Sample */ = {
			isa = PBXNativeTarget;
			buildConfigurationList = 04C585C31D376C8600CF87FC /* Build configuration list for PBXNativeTarget "UIViewController-PopUp-Sample" */;
			buildPhases = (
				D7F951F69A4ACA27D9E6DA87 /* [CP] Check Pods Manifest.lock */,
				04C585AD1D376C8600CF87FC /* Sources */,
				04C585AE1D376C8600CF87FC /* Frameworks */,
				04C585AF1D376C8600CF87FC /* Resources */,
				CB280A4012EA272C430D85E6 /* [CP] Embed Pods Frameworks */,
				BEBC239ACDB83B897259A130 /* [CP] Copy Pods Resources */,
			);
			buildRules = (
			);
			dependencies = (
			);
			name = "UIViewController-PopUp-Sample";
			productName = "UIViewController-PopUp-Sample";
			productReference = 04C585B11D376C8600CF87FC /* UIViewController-PopUp-Sample.app */;
			productType = "com.apple.product-type.application";
		};
/* End PBXNativeTarget section */

/* Begin PBXProject section */
		04C585A91D376C8600CF87FC /* Project object */ = {
			isa = PBXProject;
			attributes = {
				LastSwiftUpdateCheck = 0730;
				LastUpgradeCheck = 0730;
				ORGANIZATIONNAME = "litt1e-p";
				TargetAttributes = {
					04C585B01D376C8600CF87FC = {
						CreatedOnToolsVersion = 7.3.1;
					};
				};
			};
			buildConfigurationList = 04C585AC1D376C8600CF87FC /* Build configuration list for PBXProject "UIViewController-PopUp-Sample" */;
			compatibilityVersion = "Xcode 3.2";
			developmentRegion = English;
			hasScannedForEncodings = 0;
			knownRegions = (
				en,
				Base,
			);
			mainGroup = 04C585A81D376C8600CF87FC;
			productRefGroup = 04C585B21D376C8600CF87FC /* Products */;
			projectDirPath = "";
			projectRoot = "";
			targets = (
				04C585B01D376C8600CF87FC /* UIViewController-PopUp-Sample */,
			);
		};
/* End PBXProject section */

/* Begin PBXResourcesBuildPhase section */
		04C585AF1D376C8600CF87FC /* Resources */ = {
			isa = PBXResourcesBuildPhase;
			buildActionMask = 2147483647;
			files = (
				04C585BF1D376C8600CF87FC /* LaunchScreen.storyboard in Resources */,
				04C585CC1D37724200CF87FC /* IMG_2789.JPG in Resources */,
				04C585BC1D376C8600CF87FC /* Assets.xcassets in Resources */,
				04C585BA1D376C8600CF87FC /* Main.storyboard in Resources */,
			);
			runOnlyForDeploymentPostprocessing = 0;
		};
/* End PBXResourcesBuildPhase section */

/* Begin PBXShellScriptBuildPhase section */
		BEBC239ACDB83B897259A130 /* [CP] Copy Pods Resources */ = {
			isa = PBXShellScriptBuildPhase;
			buildActionMask = 2147483647;
			files = (
			);
			inputPaths = (
			);
			name = "[CP] Copy Pods Resources";
			outputPaths = (
			);
			runOnlyForDeploymentPostprocessing = 0;
			shellPath = /bin/sh;
			shellScript = "\"${SRCROOT}/Pods/Target Support Files/Pods-UIViewController-PopUp-Sample/Pods-UIViewController-PopUp-Sample-resources.sh\"\n";
			showEnvVarsInLog = 0;
		};
		CB280A4012EA272C430D85E6 /* [CP] Embed Pods Frameworks */ = {
			isa = PBXShellScriptBuildPhase;
			buildActionMask = 2147483647;
			files = (
			);
			inputPaths = (
				"${SRCROOT}/Pods/Target Support Files/Pods-UIViewController-PopUp-Sample/Pods-UIViewController-PopUp-Sample-frameworks.sh",
				"${BUILT_PRODUCTS_DIR}/VisualEffectView/VisualEffectView.framework",
			);
			name = "[CP] Embed Pods Frameworks";
			outputPaths = (
				"${TARGET_BUILD_DIR}/${FRAMEWORKS_FOLDER_PATH}/VisualEffectView.framework",
			);
			runOnlyForDeploymentPostprocessing = 0;
			shellPath = /bin/sh;
			shellScript = "\"${SRCROOT}/Pods/Target Support Files/Pods-UIViewController-PopUp-Sample/Pods-UIViewController-PopUp-Sample-frameworks.sh\"\n";
			showEnvVarsInLog = 0;
		};
		D7F951F69A4ACA27D9E6DA87 /* [CP] Check Pods Manifest.lock */ = {
			isa = PBXShellScriptBuildPhase;
			buildActionMask = 2147483647;
			files = (
			);
			inputPaths = (
				"${PODS_PODFILE_DIR_PATH}/Podfile.lock",
				"${PODS_ROOT}/Manifest.lock",
			);
			name = "[CP] Check Pods Manifest.lock";
			outputPaths = (
				"$(DERIVED_FILE_DIR)/Pods-UIViewController-PopUp-Sample-checkManifestLockResult.txt",
			);
			runOnlyForDeploymentPostprocessing = 0;
			shellPath = /bin/sh;
			shellScript = "diff \"${PODS_PODFILE_DIR_PATH}/Podfile.lock\" \"${PODS_ROOT}/Manifest.lock\" > /dev/null\nif [ $? != 0 ] ; then\n    # print error to STDERR\n    echo \"error: The sandbox is not in sync with the Podfile.lock. Run 'pod install' or update your CocoaPods installation.\" >&2\n    exit 1\nfi\n# This output is used by Xcode 'outputs' to avoid re-running this script phase.\necho \"SUCCESS\" > \"${SCRIPT_OUTPUT_FILE_0}\"\n";
			showEnvVarsInLog = 0;
		};
/* End PBXShellScriptBuildPhase section */

/* Begin PBXSourcesBuildPhase section */
		04C585AD1D376C8600CF87FC /* Sources */ = {
			isa = PBXSourcesBuildPhase;
			buildActionMask = 2147483647;
			files = (
				04C585C81D376E9700CF87FC /* UIViewController+PopUp.swift in Sources */,
				04C585B71D376C8600CF87FC /* ViewController.swift in Sources */,
				04C585B51D376C8600CF87FC /* AppDelegate.swift in Sources */,
				04C585CA1D376F7900CF87FC /* PopUpViewController.swift in Sources */,
			);
			runOnlyForDeploymentPostprocessing = 0;
		};
/* End PBXSourcesBuildPhase section */

/* Begin PBXVariantGroup section */
		04C585B81D376C8600CF87FC /* Main.storyboard */ = {
			isa = PBXVariantGroup;
			children = (
				04C585B91D376C8600CF87FC /* Base */,
			);
			name = Main.storyboard;
			path = .;
			sourceTree = "<group>";
		};
		04C585BD1D376C8600CF87FC /* LaunchScreen.storyboard */ = {
			isa = PBXVariantGroup;
			children = (
				04C585BE1D376C8600CF87FC /* Base */,
			);
			name = LaunchScreen.storyboard;
			path = .;
			sourceTree = "<group>";
		};
/* End PBXVariantGroup section */

/* Begin XCBuildConfiguration section */
		04C585C11D376C8600CF87FC /* Debug */ = {
			isa = XCBuildConfiguration;
			buildSettings = {
				ALWAYS_SEARCH_USER_PATHS = NO;
				CLANG_ANALYZER_NONNULL = YES;
				CLANG_CXX_LANGUAGE_STANDARD = "gnu++0x";
				CLANG_CXX_LIBRARY = "libc++";
				CLANG_ENABLE_MODULES = YES;
				CLANG_ENABLE_OBJC_ARC = YES;
				CLANG_WARN_BOOL_CONVERSION = YES;
				CLANG_WARN_CONSTANT_CONVERSION = YES;
				CLANG_WARN_DIRECT_OBJC_ISA_USAGE = YES_ERROR;
				CLANG_WARN_EMPTY_BODY = YES;
				CLANG_WARN_ENUM_CONVERSION = YES;
				CLANG_WARN_INT_CONVERSION = YES;
				CLANG_WARN_OBJC_ROOT_CLASS = YES_ERROR;
				CLANG_WARN_UNREACHABLE_CODE = YES;
				CLANG_WARN__DUPLICATE_METHOD_MATCH = YES;
				"CODE_SIGN_IDENTITY[sdk=iphoneos*]" = "iPhone Developer";
				COPY_PHASE_STRIP = NO;
				DEBUG_INFORMATION_FORMAT = dwarf;
				ENABLE_STRICT_OBJC_MSGSEND = YES;
				ENABLE_TESTABILITY = YES;
				GCC_C_LANGUAGE_STANDARD = gnu99;
				GCC_DYNAMIC_NO_PIC = NO;
				GCC_NO_COMMON_BLOCKS = YES;
				GCC_OPTIMIZATION_LEVEL = 0;
				GCC_PREPROCESSOR_DEFINITIONS = (
					"DEBUG=1",
					"$(inherited)",
				);
				GCC_WARN_64_TO_32_BIT_CONVERSION = YES;
				GCC_WARN_ABOUT_RETURN_TYPE = YES_ERROR;
				GCC_WARN_UNDECLARED_SELECTOR = YES;
				GCC_WARN_UNINITIALIZED_AUTOS = YES_AGGRESSIVE;
				GCC_WARN_UNUSED_FUNCTION = YES;
				GCC_WARN_UNUSED_VARIABLE = YES;
				IPHONEOS_DEPLOYMENT_TARGET = 9.3;
				MTL_ENABLE_DEBUG_INFO = YES;
				ONLY_ACTIVE_ARCH = YES;
				SDKROOT = iphoneos;
				SWIFT_OPTIMIZATION_LEVEL = "-Onone";
			};
			name = Debug;
		};
		04C585C21D376C8600CF87FC /* Release */ = {
			isa = XCBuildConfiguration;
			buildSettings = {
				ALWAYS_SEARCH_USER_PATHS = NO;
				CLANG_ANALYZER_NONNULL = YES;
				CLANG_CXX_LANGUAGE_STANDARD = "gnu++0x";
				CLANG_CXX_LIBRARY = "libc++";
				CLANG_ENABLE_MODULES = YES;
				CLANG_ENABLE_OBJC_ARC = YES;
				CLANG_WARN_BOOL_CONVERSION = YES;
				CLANG_WARN_CONSTANT_CONVERSION = YES;
				CLANG_WARN_DIRECT_OBJC_ISA_USAGE = YES_ERROR;
				CLANG_WARN_EMPTY_BODY = YES;
				CLANG_WARN_ENUM_CONVERSION = YES;
				CLANG_WARN_INT_CONVERSION = YES;
				CLANG_WARN_OBJC_ROOT_CLASS = YES_ERROR;
				CLANG_WARN_UNREACHABLE_CODE = YES;
				CLANG_WARN__DUPLICATE_METHOD_MATCH = YES;
				"CODE_SIGN_IDENTITY[sdk=iphoneos*]" = "iPhone Developer";
				COPY_PHASE_STRIP = NO;
				DEBUG_INFORMATION_FORMAT = "dwarf-with-dsym";
				ENABLE_NS_ASSERTIONS = NO;
				ENABLE_STRICT_OBJC_MSGSEND = YES;
				GCC_C_LANGUAGE_STANDARD = gnu99;
				GCC_NO_COMMON_BLOCKS = YES;
				GCC_WARN_64_TO_32_BIT_CONVERSION = YES;
				GCC_WARN_ABOUT_RETURN_TYPE = YES_ERROR;
				GCC_WARN_UNDECLARED_SELECTOR = YES;
				GCC_WARN_UNINITIALIZED_AUTOS = YES_AGGRESSIVE;
				GCC_WARN_UNUSED_FUNCTION = YES;
				GCC_WARN_UNUSED_VARIABLE = YES;
				IPHONEOS_DEPLOYMENT_TARGET = 9.3;
				MTL_ENABLE_DEBUG_INFO = NO;
				SDKROOT = iphoneos;
				VALIDATE_PRODUCT = YES;
			};
			name = Release;
		};
		04C585C41D376C8600CF87FC /* Debug */ = {
			isa = XCBuildConfiguration;
			baseConfigurationReference = CDEFB6C77CAA4831773439D8 /* Pods-UIViewController-PopUp-Sample.debug.xcconfig */;
			buildSettings = {
				ASSETCATALOG_COMPILER_APPICON_NAME = AppIcon;
				INFOPLIST_FILE = "UIViewController-PopUp-Sample/Supporting Files/Info.plist";
				IPHONEOS_DEPLOYMENT_TARGET = 9.0;
				LD_RUNPATH_SEARCH_PATHS = "$(inherited) @executable_path/Frameworks";
				PRODUCT_BUNDLE_IDENTIFIER = "com.litt1e-p.UIViewController-PopUp-Sample";
				PRODUCT_NAME = "$(TARGET_NAME)";
				SWIFT_VERSION = 4.0;
			};
			name = Debug;
		};
		04C585C51D376C8600CF87FC /* Release */ = {
			isa = XCBuildConfiguration;
			baseConfigurationReference = 1BA6B92507CE96BED1686DA5 /* Pods-UIViewController-PopUp-Sample.release.xcconfig */;
			buildSettings = {
				ASSETCATALOG_COMPILER_APPICON_NAME = AppIcon;
				INFOPLIST_FILE = "UIViewController-PopUp-Sample/Supporting Files/Info.plist";
				IPHONEOS_DEPLOYMENT_TARGET = 9.0;
				LD_RUNPATH_SEARCH_PATHS = "$(inherited) @executable_path/Frameworks";
				PRODUCT_BUNDLE_IDENTIFIER = "com.litt1e-p.UIViewController-PopUp-Sample";
				PRODUCT_NAME = "$(TARGET_NAME)";
				SWIFT_VERSION = 4.0;
			};
			name = Release;
		};
/* End XCBuildConfiguration section */

/* Begin XCConfigurationList section */
		04C585AC1D376C8600CF87FC /* Build configuration list for PBXProject "UIViewController-PopUp-Sample" */ = {
			isa = XCConfigurationList;
			buildConfigurations = (
				04C585C11D376C8600CF87FC /* Debug */,
				04C585C21D376C8600CF87FC /* Release */,
			);
			defaultConfigurationIsVisible = 0;
			defaultConfigurationName = Release;
		};
		04C585C31D376C8600CF87FC /* Build configuration list for PBXNativeTarget "UIViewController-PopUp-Sample" */ = {
			isa = XCConfigurationList;
			buildConfigurations = (
				04C585C41D376C8600CF87FC /* Debug */,
				04C585C51D376C8600CF87FC /* Release */,
			);
			defaultConfigurationIsVisible = 0;
			defaultConfigurationName = Release;
		};
/* End XCConfigurationList section */
	};
	rootObject = 04C585A91D376C8600CF87FC /* Project object */;
}
